lockfileVersion: 5.4

specifiers:
  '@types/node': ^18.8.5
  playground-elements: ^0.16.3
  typescript: ^4.6.4
  vite: ^3.1.0

dependencies:
  playground-elements: 0.16.3

devDependencies:
  '@types/node': 18.8.5
  typescript: 4.8.4
  vite: 3.1.8

packages:

  /@esbuild/android-arm/0.15.11:
    resolution: {integrity: sha512-PzMcQLazLBkwDEkrNPi9AbjFt6+3I7HKbiYF2XtWQ7wItrHvEOeO3T8Am434zAozWtVP7lrTue1bEfc2nYWeCA==}
    engines: {node: '>=12'}
    cpu: [arm]
    os: [android]
    requiresBuild: true
    dev: true
    optional: true

  /@esbuild/linux-loong64/0.15.11:
    resolution: {integrity: sha512-geWp637tUhNmhL3Xgy4Bj703yXB9dqiLJe05lCUfjSFDrQf9C/8pArusyPUbUbPwlC/EAUjBw32sxuIl/11dZw==}
    engines: {node: '>=12'}
    cpu: [loong64]
    os: [linux]
    requiresBuild: true
    dev: true
    optional: true

  /@lit/reactive-element/1.4.1:
    resolution: {integrity: sha512-qDv4851VFSaBWzpS02cXHclo40jsbAjRXnebNXpm0uVg32kCneZPo9RYVQtrTNICtZ+1wAYHu1ZtxWSWMbKrBw==}
    dev: false

  /@material/animation/14.0.0-canary.53b3cad2f.0:
    resolution: {integrity: sha512-GBuR4VmcTQW1D0lPXEosf5Giho72LLbyGIydWGtaEUtLJoive/D9kFkwTN4Fsyt9Kkl7hbhs35vrNe6QkAH4/Q==}
    dependencies:
      tslib: 2.4.0
    dev: false

  /@material/base/14.0.0-canary.53b3cad2f.0:
    resolution: {integrity: sha512-UJKbXwZtkrA3sfQDmj8Zbw1Q3Tqtl6KdfVFws95Yf7TCUgTFzbZI/FSx1w7dVugQPOEnIBuZnzqZam/MtHkx4w==}
    dependencies:
      tslib: 2.4.0
    dev: false

  /@material/density/14.0.0-canary.53b3cad2f.0:
    resolution: {integrity: sha512-Eh/vZ3vVyqtpylg5Ci33qlgtToS4H1/ppd450Ib3tcdISIoodgijYY0w4XsRvrnZgbI/h/1STFdLxdzS0UNuFw==}
    dependencies:
      tslib: 2.4.0
    dev: false

  /@material/dom/14.0.0-canary.53b3cad2f.0:
    resolution: {integrity: sha512-aR+rfncF6oi2ivdOlKSJI4UXwNzWV5rXM88MLDoSJF1D7lXxhAKhge+tMUBodWGV/q0+FnXLuVAa0WYTrKjo+A==}
    dependencies:
      '@material/feature-targeting': 14.0.0-canary.53b3cad2f.0
      tslib: 2.4.0
    dev: false

  /@material/elevation/14.0.0-canary.53b3cad2f.0:
    resolution: {integrity: sha512-3h+EkR588RMZ5TSNQ4UeXD1FOBnL3ABQix0DQIGwtNJCqSMoPndT/oJEFvwQbTkZNDbFIKN9p1Q7/KuFPVY8Pw==}
    dependencies:
      '@material/animation': 14.0.0-canary.53b3cad2f.0
      '@material/base': 14.0.0-canary.53b3cad2f.0
      '@material/feature-targeting': 14.0.0-canary.53b3cad2f.0
      '@material/rtl': 14.0.0-canary.53b3cad2f.0
      '@material/theme': 14.0.0-canary.53b3cad2f.0
      tslib: 2.4.0
    dev: false

  /@material/feature-targeting/14.0.0-canary.53b3cad2f.0:
    resolution: {integrity: sha512-fn7Af3PRyARtNeYqtjxXmE3Y/dCpnpQVWWys57MqiGR/nvc6qpgOfJ6rOdcu/MrOysOE/oebTUDmDnTmwpe9Hw==}
    dependencies:
      tslib: 2.4.0
    dev: false

  /@material/floating-label/14.0.0-canary.53b3cad2f.0:
    resolution: {integrity: sha512-gHZUTTVKnP+Zjz4l9IT/G89NPmypn5FlTGLWKKqXbuQphr37rsKFR3Y80SJxULRyMDnAdKSxuZwiXLFKQz9KlA==}
    dependencies:
      '@material/animation': 14.0.0-canary.53b3cad2f.0
      '@material/base': 14.0.0-canary.53b3cad2f.0
      '@material/dom': 14.0.0-canary.53b3cad2f.0
      '@material/feature-targeting': 14.0.0-canary.53b3cad2f.0
      '@material/rtl': 14.0.0-canary.53b3cad2f.0
      '@material/theme': 14.0.0-canary.53b3cad2f.0
      '@material/typography': 14.0.0-canary.53b3cad2f.0
      tslib: 2.4.0
    dev: false

  /@material/focus-ring/14.0.0-canary.53b3cad2f.0:
    resolution: {integrity: sha512-exPX5VrjQimipBwgcFDGRiEE783sOBgpkFui59A6i6iGvS2UrLHlYY2E65fyyyQnD1f/rv4Po1OOnCesE1kulg==}
    dependencies:
      '@material/dom': 14.0.0-canary.53b3cad2f.0
      '@material/feature-targeting': 14.0.0-canary.53b3cad2f.0
      '@material/rtl': 14.0.0-canary.53b3cad2f.0
    dev: false

  /@material/line-ripple/14.0.0-canary.53b3cad2f.0:
    resolution: {integrity: sha512-k8f8uuDwnSqZZ98CzbYtQVtxlp1ryUup9nd2uobo3kiqQNlQfXdGkVjuCXcla0OPiKFizNn7dS6Kl/j6L09XUA==}
    dependencies:
      '@material/animation': 14.0.0-canary.53b3cad2f.0
      '@material/base': 14.0.0-canary.53b3cad2f.0
      '@material/feature-targeting': 14.0.0-canary.53b3cad2f.0
      '@material/theme': 14.0.0-canary.53b3cad2f.0
      tslib: 2.4.0
    dev: false

  /@material/linear-progress/14.0.0-canary.53b3cad2f.0:
    resolution: {integrity: sha512-QqkDBcqX7TMt3zQn51LgS7K0y13rJ4ppMQL1f2uYBhDOov8nqndlaXw456KYE9RhU39JrLzVQlaAbU3eecVb/Q==}
    dependencies:
      '@material/animation': 14.0.0-canary.53b3cad2f.0
      '@material/base': 14.0.0-canary.53b3cad2f.0
      '@material/dom': 14.0.0-canary.53b3cad2f.0
      '@material/feature-targeting': 14.0.0-canary.53b3cad2f.0
      '@material/progress-indicator': 14.0.0-canary.53b3cad2f.0
      '@material/rtl': 14.0.0-canary.53b3cad2f.0
      '@material/theme': 14.0.0-canary.53b3cad2f.0
      tslib: 2.4.0
    dev: false

  /@material/list/14.0.0-canary.53b3cad2f.0:
    resolution: {integrity: sha512-mkMpltSKAYLBtFnTTCk/mQIDzwxF/VLh1gh59ehOtmRXt7FvTz83RoAa4tqe53hpVrbX4HoLDBu+vILhq/wkjw==}
    dependencies:
      '@material/base': 14.0.0-canary.53b3cad2f.0
      '@material/density': 14.0.0-canary.53b3cad2f.0
      '@material/dom': 14.0.0-canary.53b3cad2f.0
      '@material/feature-targeting': 14.0.0-canary.53b3cad2f.0
      '@material/ripple': 14.0.0-canary.53b3cad2f.0
      '@material/rtl': 14.0.0-canary.53b3cad2f.0
      '@material/shape': 14.0.0-canary.53b3cad2f.0
      '@material/theme': 14.0.0-canary.53b3cad2f.0
      '@material/typography': 14.0.0-canary.53b3cad2f.0
      tslib: 2.4.0
    dev: false

  /@material/menu-surface/14.0.0-canary.53b3cad2f.0:
    resolution: {integrity: sha512-IQWb/n15FpLnn+kHp0EqzLE+UoWSPumq3eze2QifiowvGb37bNFR9oSe7CaOzPMrHdkrZ5SBWnDU41wPZN5kOg==}
    dependencies:
      '@material/animation': 14.0.0-canary.53b3cad2f.0
      '@material/base': 14.0.0-canary.53b3cad2f.0
      '@material/elevation': 14.0.0-canary.53b3cad2f.0
      '@material/feature-targeting': 14.0.0-canary.53b3cad2f.0
      '@material/rtl': 14.0.0-canary.53b3cad2f.0
      '@material/shape': 14.0.0-canary.53b3cad2f.0
      '@material/theme': 14.0.0-canary.53b3cad2f.0
      tslib: 2.4.0
    dev: false

  /@material/menu/14.0.0-canary.53b3cad2f.0:
    resolution: {integrity: sha512-MmYKVrMIqOtP3TN4vdrrnQrS8P81+tMaA6bKiT9V79R1U6+mKsBYTzaLtLbzyem5vF8O0q7bSwyPwhWPtJr75Q==}
    dependencies:
      '@material/base': 14.0.0-canary.53b3cad2f.0
      '@material/dom': 14.0.0-canary.53b3cad2f.0
      '@material/elevation': 14.0.0-canary.53b3cad2f.0
      '@material/feature-targeting': 14.0.0-canary.53b3cad2f.0
      '@material/list': 14.0.0-canary.53b3cad2f.0
      '@material/menu-surface': 14.0.0-canary.53b3cad2f.0
      '@material/ripple': 14.0.0-canary.53b3cad2f.0
      '@material/rtl': 14.0.0-canary.53b3cad2f.0
      '@material/theme': 14.0.0-canary.53b3cad2f.0
      tslib: 2.4.0
    dev: false

  /@material/mwc-base/0.26.1:
    resolution: {integrity: sha512-YcVvWwSoDwQAxjvYevhZgtyXIIPuMeTnw9MtEj+Hv7NJizT88hoTsPmKpwM+X58cIY2SPo0y/tHfgmblWntibQ==}
    dependencies:
      '@material/base': 14.0.0-canary.53b3cad2f.0
      '@material/dom': 14.0.0-canary.53b3cad2f.0
      lit: 2.4.0
      tslib: 2.4.0
    dev: false

  /@material/mwc-button/0.26.1:
    resolution: {integrity: sha512-ptgAmg50k+71M6ynfv6QeNaBnX7X/EAnhOjxZqhDHrKwZcFuuQyFJJ6r4ypjc21eCSPS7o6xRqJyI4PPpf3xkA==}
    dependencies:
      '@material/mwc-icon': 0.26.1
      '@material/mwc-ripple': 0.26.1
      lit: 2.4.0
      tslib: 2.4.0
    dev: false

  /@material/mwc-checkbox/0.26.1:
    resolution: {integrity: sha512-2euxVZ0zksAQ/JVkOznUOGJKfbxq+m3ijRTh44b8fQyERBobm5QtWXbhXxV9YCesqFQSbj5M3qDw6Nm5MRKluw==}
    dependencies:
      '@material/mwc-base': 0.26.1
      '@material/mwc-ripple': 0.26.1
      lit: 2.4.0
      tslib: 2.4.0
    dev: false

  /@material/mwc-floating-label/0.26.1:
    resolution: {integrity: sha512-iPKOWAgypL+UNZWa0jNE2P/929QEbHqrxr7BFNKpSvO/t6pX7672g1gOny7+8Dnnt+a4kVlYjWTMAw9qjOkLlg==}
    dependencies:
      '@material/floating-label': 14.0.0-canary.53b3cad2f.0
      lit: 2.4.0
      tslib: 2.4.0
    dev: false

  /@material/mwc-icon-button/0.26.1:
    resolution: {integrity: sha512-pa3zFSH1wV7j8dH1i5NfKL0mKqQsan+SiD+lkW39Al4NeCrNoWN9wJY0mSiwrlbVnxOub8r2kWINCpTHBoluJg==}
    dependencies:
      '@material/mwc-ripple': 0.26.1
      lit: 2.4.0
      tslib: 2.4.0
    dev: false

  /@material/mwc-icon/0.26.1:
    resolution: {integrity: sha512-RPcVPn+5p6hA2HjX/0wkeHQuxkJKgXMg47ffw+vhIw28qM8mprSv13hpUgrghb0f7xBvuPhf/kLb37V4xkRfwg==}
    dependencies:
      lit: 2.4.0
      tslib: 2.4.0
    dev: false

  /@material/mwc-line-ripple/0.26.1:
    resolution: {integrity: sha512-pTWYurvptGGZI5OP3SXJPNQrsri+1tM8CUGTuTLaLVTSIyvMcUiTzfNPCyTmkjndoCsbrPYjPzY8f/wiU4mZrA==}
    dependencies:
      '@material/line-ripple': 14.0.0-canary.53b3cad2f.0
      lit: 2.4.0
      tslib: 2.4.0
    dev: false

  /@material/mwc-linear-progress/0.26.1:
    resolution: {integrity: sha512-UNPrRCb6y+m5FU8NDOLl7+41RXygeQKvHUKXU6R2UMN8NSOiq/FUAEYZZBM3SHCMeaRwltY5uWhBy5dojoPjIw==}
    dependencies:
      '@material/linear-progress': 14.0.0-canary.53b3cad2f.0
      '@material/mwc-base': 0.26.1
      '@material/theme': 14.0.0-canary.53b3cad2f.0
      lit: 2.4.0
      tslib: 2.4.0
    dev: false

  /@material/mwc-list/0.26.1:
    resolution: {integrity: sha512-1jYG0/VCJhUjjJQSDvjvMiTryOtKk5TEzpkTO/kguhdN9j6vk0XU/p/LhnyxV0+fQei754AO3Tos5Dv0FvEUOQ==}
    dependencies:
      '@material/base': 14.0.0-canary.53b3cad2f.0
      '@material/dom': 14.0.0-canary.53b3cad2f.0
      '@material/list': 14.0.0-canary.53b3cad2f.0
      '@material/mwc-base': 0.26.1
      '@material/mwc-checkbox': 0.26.1
      '@material/mwc-radio': 0.26.1
      '@material/mwc-ripple': 0.26.1
      lit: 2.4.0
      tslib: 2.4.0
    dev: false

  /@material/mwc-menu/0.26.1:
    resolution: {integrity: sha512-zdLalm1vabFU2+ml53B7N88OoJo+yygXGra94GluCPLCRBV6Oswdou7b8cqEyVEJ6McbeiegKwO0j8k3mEd4zw==}
    dependencies:
      '@material/menu': 14.0.0-canary.53b3cad2f.0
      '@material/menu-surface': 14.0.0-canary.53b3cad2f.0
      '@material/mwc-base': 0.26.1
      '@material/mwc-list': 0.26.1
      '@material/shape': 14.0.0-canary.53b3cad2f.0
      '@material/theme': 14.0.0-canary.53b3cad2f.0
      lit: 2.4.0
      tslib: 2.4.0
    dev: false

  /@material/mwc-notched-outline/0.26.1:
    resolution: {integrity: sha512-3vsbnNk9dzyATANoL+nv7nwGvvzgb4tQcMbjP023qmpkelV/Ci2jP8nV+UDDepJcZ6KjRJo1eUAroznp4T/rKA==}
    dependencies:
      '@material/mwc-base': 0.26.1
      '@material/notched-outline': 14.0.0-canary.53b3cad2f.0
      lit: 2.4.0
      tslib: 2.4.0
    dev: false

  /@material/mwc-radio/0.26.1:
    resolution: {integrity: sha512-KWEcwVKbZS0wIfxOk8AqFNZocnP2f3JjnO/m2y6RWBUUrSgIlxavfz3J5MiwDC0JjYI1jUmheivcKrlZRNxnSA==}
    dependencies:
      '@material/mwc-base': 0.26.1
      '@material/mwc-ripple': 0.26.1
      '@material/radio': 14.0.0-canary.53b3cad2f.0
      lit: 2.4.0
      tslib: 2.4.0
    dev: false

  /@material/mwc-ripple/0.26.1:
    resolution: {integrity: sha512-hBeC2S7TSYLmHetXbtu52/EZFzvAqrQk5skIV0aUZeZvywTJWRVoc5OavDjsJYuKxDnSECMnkIt8+l8WC48chg==}
    dependencies:
      '@material/dom': 14.0.0-canary.53b3cad2f.0
      '@material/mwc-base': 0.26.1
      '@material/ripple': 14.0.0-canary.53b3cad2f.0
      lit: 2.4.0
      tslib: 2.4.0
    dev: false

  /@material/mwc-textfield/0.26.1:
    resolution: {integrity: sha512-Kdb31R2PROUOM7hpyjb+pY4WIOu6BQSEQKeVy4hnLqwvhe14nTvnn9I7Fkkz4t9SNWPh3G+DQsAx9vhPuCgUyQ==}
    dependencies:
      '@material/floating-label': 14.0.0-canary.53b3cad2f.0
      '@material/line-ripple': 14.0.0-canary.53b3cad2f.0
      '@material/mwc-base': 0.26.1
      '@material/mwc-floating-label': 0.26.1
      '@material/mwc-line-ripple': 0.26.1
      '@material/mwc-notched-outline': 0.26.1
      '@material/textfield': 14.0.0-canary.53b3cad2f.0
      lit: 2.4.0
      tslib: 2.4.0
    dev: false

  /@material/notched-outline/14.0.0-canary.53b3cad2f.0:
    resolution: {integrity: sha512-3ByiPOC/wWQmFKfgJS98kb5/6v92n7uIfJ6v6sryKJlJCJn39qfpGcCM5RpRIws1RET1s1zBJT2JDwYeu/hM5A==}
    dependencies:
      '@material/base': 14.0.0-canary.53b3cad2f.0
      '@material/feature-targeting': 14.0.0-canary.53b3cad2f.0
      '@material/floating-label': 14.0.0-canary.53b3cad2f.0
      '@material/rtl': 14.0.0-canary.53b3cad2f.0
      '@material/shape': 14.0.0-canary.53b3cad2f.0
      '@material/theme': 14.0.0-canary.53b3cad2f.0
      tslib: 2.4.0
    dev: false

  /@material/progress-indicator/14.0.0-canary.53b3cad2f.0:
    resolution: {integrity: sha512-vW0oZK70QOpAarip95ueCQ/I3kBClcWjxsc0F0QjkqT76DOVXpjnZ4XoRRyq9eMpwLqlKLTecrsSNpmqwwF1Dg==}
    dependencies:
      tslib: 2.4.0
    dev: false

  /@material/radio/14.0.0-canary.53b3cad2f.0:
    resolution: {integrity: sha512-V/AgWEOuHFoh9d4Gq1rqBZnKSGtMLQNh23Bwrv0c1FhPqFvUpwt9jR3SVwhJk5gvQQWGy9p3iiGc9QCJ+0+P8Q==}
    dependencies:
      '@material/animation': 14.0.0-canary.53b3cad2f.0
      '@material/base': 14.0.0-canary.53b3cad2f.0
      '@material/density': 14.0.0-canary.53b3cad2f.0
      '@material/dom': 14.0.0-canary.53b3cad2f.0
      '@material/feature-targeting': 14.0.0-canary.53b3cad2f.0
      '@material/focus-ring': 14.0.0-canary.53b3cad2f.0
      '@material/ripple': 14.0.0-canary.53b3cad2f.0
      '@material/theme': 14.0.0-canary.53b3cad2f.0
      '@material/touch-target': 14.0.0-canary.53b3cad2f.0
      tslib: 2.4.0
    dev: false

  /@material/ripple/14.0.0-canary.53b3cad2f.0:
    resolution: {integrity: sha512-6g2G62vd8DsMuIUSXlRrzb98qkZ4o8ZREknNwNP2zaLQEOkJ//4j9HaqDt98/3LIjUTY9UIVFTQENiMmlwKHYQ==}
    dependencies:
      '@material/animation': 14.0.0-canary.53b3cad2f.0
      '@material/base': 14.0.0-canary.53b3cad2f.0
      '@material/dom': 14.0.0-canary.53b3cad2f.0
      '@material/feature-targeting': 14.0.0-canary.53b3cad2f.0
      '@material/rtl': 14.0.0-canary.53b3cad2f.0
      '@material/theme': 14.0.0-canary.53b3cad2f.0
      tslib: 2.4.0
    dev: false

  /@material/rtl/14.0.0-canary.53b3cad2f.0:
    resolution: {integrity: sha512-f08LT0HSa0WYU+4Jz/tbm1TQ9Fcf2k+H6dPPYv0J1sZmX6hMgCEmNiUdUFLQFvszoXx2XrRi1/hIFjbz2e69Yg==}
    dependencies:
      '@material/theme': 14.0.0-canary.53b3cad2f.0
      tslib: 2.4.0
    dev: false

  /@material/shape/14.0.0-canary.53b3cad2f.0:
    resolution: {integrity: sha512-RyjInLCNe+nI/ulKea0ZLHphXQDiDqYazS25SRn18g8Hoa5qGNaY5oOBncDXUYn3jm5oI5kFc9oif//kulkbjg==}
    dependencies:
      '@material/feature-targeting': 14.0.0-canary.53b3cad2f.0
      '@material/rtl': 14.0.0-canary.53b3cad2f.0
      '@material/theme': 14.0.0-canary.53b3cad2f.0
      tslib: 2.4.0
    dev: false

  /@material/textfield/14.0.0-canary.53b3cad2f.0:
    resolution: {integrity: sha512-Pla9Tr94Is18o97E/mqHKdkR24rPES9atGm3BlXrNzyr5tu6+h++RBbxy7V6IExcfl0MX+v9Gyqz7sPZzFtwMA==}
    dependencies:
      '@material/animation': 14.0.0-canary.53b3cad2f.0
      '@material/base': 14.0.0-canary.53b3cad2f.0
      '@material/density': 14.0.0-canary.53b3cad2f.0
      '@material/dom': 14.0.0-canary.53b3cad2f.0
      '@material/feature-targeting': 14.0.0-canary.53b3cad2f.0
      '@material/floating-label': 14.0.0-canary.53b3cad2f.0
      '@material/line-ripple': 14.0.0-canary.53b3cad2f.0
      '@material/notched-outline': 14.0.0-canary.53b3cad2f.0
      '@material/ripple': 14.0.0-canary.53b3cad2f.0
      '@material/rtl': 14.0.0-canary.53b3cad2f.0
      '@material/shape': 14.0.0-canary.53b3cad2f.0
      '@material/theme': 14.0.0-canary.53b3cad2f.0
      '@material/tokens': 14.0.0-canary.53b3cad2f.0
      '@material/typography': 14.0.0-canary.53b3cad2f.0
      tslib: 2.4.0
    dev: false

  /@material/theme/14.0.0-canary.53b3cad2f.0:
    resolution: {integrity: sha512-S06XAevDCDWMe+GgsEpITMS07imUidzadNaTbJsqssFajBLr53QWVZsG84BpjXKXoYvyEJvb0hX5U0lq6ip9UQ==}
    dependencies:
      '@material/feature-targeting': 14.0.0-canary.53b3cad2f.0
      tslib: 2.4.0
    dev: false

  /@material/tokens/14.0.0-canary.53b3cad2f.0:
    resolution: {integrity: sha512-myHFB7vac8zErA3qgkqmV+kpE+i9JEwc/6Yf0MOumDSpylJGw28QikpNC6eAVBK2EmPQTaFn20mqUxyud8dGqw==}
    dependencies:
      '@material/elevation': 14.0.0-canary.53b3cad2f.0
    dev: false

  /@material/touch-target/14.0.0-canary.53b3cad2f.0:
    resolution: {integrity: sha512-d83e5vbqoLyL542yOTTp4TLVltddWiqbI/j1w/D9ipE30YKfe2EDN+CNJc32Zufh5IUfK41DsZdrN8fI9cL99A==}
    dependencies:
      '@material/base': 14.0.0-canary.53b3cad2f.0
      '@material/feature-targeting': 14.0.0-canary.53b3cad2f.0
      '@material/rtl': 14.0.0-canary.53b3cad2f.0
      tslib: 2.4.0
    dev: false

  /@material/typography/14.0.0-canary.53b3cad2f.0:
    resolution: {integrity: sha512-9J0k2fq7uyHsRzRqJDJLGmg3YzRpfRPtFDVeUH/xBcYoqpZE7wYw5Mb7s/l8eP626EtR7HhXhSPjvRTLA6NIJg==}
    dependencies:
      '@material/feature-targeting': 14.0.0-canary.53b3cad2f.0
      '@material/theme': 14.0.0-canary.53b3cad2f.0
      tslib: 2.4.0
    dev: false

  /@types/codemirror/5.60.5:
    resolution: {integrity: sha512-TiECZmm8St5YxjFUp64LK0c8WU5bxMDt9YaAek1UqUb9swrSCoJhh92fWu1p3mTEqlHjhB5sY7OFBhWroJXZVg==}
    dependencies:
      '@types/tern': 0.23.4
    dev: false

  /@types/estree/1.0.0:
    resolution: {integrity: sha512-WulqXMDUTYAXCjZnk6JtIHPigp55cVtDgDrO2gHRwhyJto21+1zbVCtOYB2L1F9w4qCQ0rOGWBnBe0FNTiEJIQ==}
    dev: false

  /@types/node/18.8.5:
    resolution: {integrity: sha512-Bq7G3AErwe5A/Zki5fdD3O6+0zDChhg671NfPjtIcbtzDNZTv4NPKMRFr7gtYPG7y+B8uTiNK4Ngd9T0FTar6Q==}
    dev: true

  /@types/tern/0.23.4:
    resolution: {integrity: sha512-JAUw1iXGO1qaWwEOzxTKJZ/5JxVeON9kvGZ/osgZaJImBnyjyn0cjovPsf6FNLmyGY8Vw9DoXZCMlfMkMwHRWg==}
    dependencies:
      '@types/estree': 1.0.0
    dev: false

  /@types/trusted-types/2.0.2:
    resolution: {integrity: sha512-F5DIZ36YVLE+PN+Zwws4kJogq47hNgX3Nx6WyDJ3kcplxyke3XIzB8uK5n/Lpm1HBsbGzd6nmGehL8cPekP+Tg==}
    dev: false

  /comlink/4.3.1:
    resolution: {integrity: sha512-+YbhUdNrpBZggBAHWcgQMLPLH1KDF3wJpeqrCKieWQ8RL7atmgsgTQko1XEBK6PsecfopWNntopJ+ByYG1lRaA==}
    dev: false

  /esbuild-android-64/0.15.11:
    resolution: {integrity: sha512-rrwoXEiuI1kaw4k475NJpexs8GfJqQUKcD08VR8sKHmuW9RUuTR2VxcupVvHdiGh9ihxL9m3lpqB1kju92Ialw==}
    engines: {node: '>=12'}
    cpu: [x64]
    os: [android]
    requiresBuild: true
    dev: true
    optional: true

  /esbuild-android-arm64/0.15.11:
    resolution: {integrity: sha512-/hDubOg7BHOhUUsT8KUIU7GfZm5bihqssvqK5PfO4apag7YuObZRZSzViyEKcFn2tPeHx7RKbSBXvAopSHDZJQ==}
    engines: {node: '>=12'}
    cpu: [arm64]
    os: [android]
    requiresBuild: true
    dev: true
    optional: true

  /esbuild-darwin-64/0.15.11:
    resolution: {integrity: sha512-1DqHD0ms3AhiwkKnjRUzmiW7JnaJJr5FKrPiR7xuyMwnjDqvNWDdMq4rKSD9OC0piFNK6n0LghsglNMe2MwJtA==}
    engines: {node: '>=12'}
    cpu: [x64]
    os: [darwin]
    requiresBuild: true
    dev: true
    optional: true

  /esbuild-darwin-arm64/0.15.11:
    resolution: {integrity: sha512-OMzhxSbS0lwwrW40HHjRCeVIJTURdXFA8c3GU30MlHKuPCcvWNUIKVucVBtNpJySXmbkQMDJdJNrXzNDyvoqvQ==}
    engines: {node: '>=12'}
    cpu: [arm64]
    os: [darwin]
    requiresBuild: true
    dev: true
    optional: true

  /esbuild-freebsd-64/0.15.11:
    resolution: {integrity: sha512-8dKP26r0/Qyez8nTCwpq60QbuYKOeBygdgOAWGCRalunyeqWRoSZj9TQjPDnTTI9joxd3QYw3UhVZTKxO9QdRg==}
    engines: {node: '>=12'}
    cpu: [x64]
    os: [freebsd]
    requiresBuild: true
    dev: true
    optional: true

  /esbuild-freebsd-arm64/0.15.11:
    resolution: {integrity: sha512-aSGiODiukLGGnSg/O9+cGO2QxEacrdCtCawehkWYTt5VX1ni2b9KoxpHCT9h9Y6wGqNHmXFnB47RRJ8BIqZgmQ==}
    engines: {node: '>=12'}
    cpu: [arm64]
    os: [freebsd]
    requiresBuild: true
    dev: true
    optional: true

  /esbuild-linux-32/0.15.11:
    resolution: {integrity: sha512-lsrAfdyJBGx+6aHIQmgqUonEzKYeBnyfJPkT6N2dOf1RoXYYV1BkWB6G02tjsrz1d5wZzaTc3cF+TKmuTo/ZwA==}
    engines: {node: '>=12'}
    cpu: [ia32]
    os: [linux]
    requiresBuild: true
    dev: true
    optional: true

  /esbuild-linux-64/0.15.11:
    resolution: {integrity: sha512-Y2Rh+PcyVhQqXKBTacPCltINN3uIw2xC+dsvLANJ1SpK5NJUtxv8+rqWpjmBgaNWKQT1/uGpMmA9olALy9PLVA==}
    engines: {node: '>=12'}
    cpu: [x64]
    os: [linux]
    requiresBuild: true
    dev: true
    optional: true

  /esbuild-linux-arm/0.15.11:
    resolution: {integrity: sha512-TJllTVk5aSyqPFvvcHTvf6Wu1ZKhWpJ/qNmZO8LL/XeB+LXCclm7HQHNEIz6MT7IX8PmlC1BZYrOiw2sXSB95A==}
    engines: {node: '>=12'}
    cpu: [arm]
    os: [linux]
    requiresBuild: true
    dev: true
    optional: true

  /esbuild-linux-arm64/0.15.11:
    resolution: {integrity: sha512-uhcXiTwTmD4OpxJu3xC5TzAAw6Wzf9O1XGWL448EE9bqGjgV1j+oK3lIHAfsHnuIn8K4nDW8yjX0Sv5S++oRuw==}
    engines: {node: '>=12'}
    cpu: [arm64]
    os: [linux]
    requiresBuild: true
    dev: true
    optional: true

  /esbuild-linux-mips64le/0.15.11:
    resolution: {integrity: sha512-WD61y/R1M4BLe4gxXRypoQ0Ci+Vjf714QYzcPNkiYv5I8K8WDz2ZR8Bm6cqKxd6rD+e/rZgPDbhQ9PCf7TMHmA==}
    engines: {node: '>=12'}
    cpu: [mips64el]
    os: [linux]
    requiresBuild: true
    dev: true
    optional: true

  /esbuild-linux-ppc64le/0.15.11:
    resolution: {integrity: sha512-JVleZS9oPVLTlBhPTWgOwxFWU/wMUdlBwTbGA4GF8c38sLbS13cupj+C8bLq929jU7EMWry4SaL+tKGIaTlqKg==}
    engines: {node: '>=12'}
    cpu: [ppc64]
    os: [linux]
    requiresBuild: true
    dev: true
    optional: true

  /esbuild-linux-riscv64/0.15.11:
    resolution: {integrity: sha512-9aLIalZ2HFHIOZpmVU11sEAS9F8TnHw49daEjcgMpBXHFF57VuT9f9/9LKJhw781Gda0P9jDkuCWJ0tFbErvJw==}
    engines: {node: '>=12'}
    cpu: [riscv64]
    os: [linux]
    requiresBuild: true
    dev: true
    optional: true

  /esbuild-linux-s390x/0.15.11:
    resolution: {integrity: sha512-sZHtiXXOKsLI3XGBGoYO4qKBzJlb8xNsWmvFiwFMHFzA4AXgDP1KDp7Dawe9C2pavTRBDvl+Ok4n/DHQ59oaTg==}
    engines: {node: '>=12'}
    cpu: [s390x]
    os: [linux]
    requiresBuild: true
    dev: true
    optional: true

  /esbuild-netbsd-64/0.15.11:
    resolution: {integrity: sha512-hUC9yN06K9sg7ju4Vgu9ChAPdsEgtcrcLfyNT5IKwKyfpLvKUwCMZSdF+gRD3WpyZelgTQfJ+pDx5XFbXTlB0A==}
    engines: {node: '>=12'}
    cpu: [x64]
    os: [netbsd]
    requiresBuild: true
    dev: true
    optional: true

  /esbuild-openbsd-64/0.15.11:
    resolution: {integrity: sha512-0bBo9SQR4t66Wd91LGMAqmWorzO0TTzVjYiifwoFtel8luFeXuPThQnEm5ztN4g0fnvcp7AnUPPzS/Depf17wQ==}
    engines: {node: '>=12'}
    cpu: [x64]
    os: [openbsd]
    requiresBuild: true
    dev: true
    optional: true

  /esbuild-sunos-64/0.15.11:
    resolution: {integrity: sha512-EuBdTGlsMTjEl1sQnBX2jfygy7iR6CKfvOzi+gEOfhDqbHXsmY1dcpbVtcwHAg9/2yUZSfMJHMAgf1z8M4yyyw==}
    engines: {node: '>=12'}
    cpu: [x64]
    os: [sunos]
    requiresBuild: true
    dev: true
    optional: true

  /esbuild-windows-32/0.15.11:
    resolution: {integrity: sha512-O0/Wo1Wk6dc0rZSxkvGpmTNIycEznHmkObTFz2VHBhjPsO4ZpCgfGxNkCpz4AdAIeMczpTXt/8d5vdJNKEGC+Q==}
    engines: {node: '>=12'}
    cpu: [ia32]
    os: [win32]
    requiresBuild: true
    dev: true
    optional: true

  /esbuild-windows-64/0.15.11:
    resolution: {integrity: sha512-x977Q4HhNjnHx00b4XLAnTtj5vfbdEvkxaQwC1Zh5AN8g5EX+izgZ6e5QgqJgpzyRNJqh4hkgIJF1pyy1be0mQ==}
    engines: {node: '>=12'}
    cpu: [x64]
    os: [win32]
    requiresBuild: true
    dev: true
    optional: true

  /esbuild-windows-arm64/0.15.11:
    resolution: {integrity: sha512-VwUHFACuBahrvntdcMKZteUZ9HaYrBRODoKe4tIWxguQRvvYoYb7iu5LrcRS/FQx8KPZNaa72zuqwVtHeXsITw==}
    engines: {node: '>=12'}
    cpu: [arm64]
    os: [win32]
    requiresBuild: true
    dev: true
    optional: true

  /esbuild/0.15.11:
    resolution: {integrity: sha512-OgHGuhlfZ//mToxjte1D5iiiQgWfJ2GByVMwEC/IuoXsBGkuyK1+KrjYu0laSpnN/L1UmLUCv0s25vObdc1bVg==}
    engines: {node: '>=12'}
    hasBin: true
    requiresBuild: true
    optionalDependencies:
      '@esbuild/android-arm': 0.15.11
      '@esbuild/linux-loong64': 0.15.11
      esbuild-android-64: 0.15.11
      esbuild-android-arm64: 0.15.11
      esbuild-darwin-64: 0.15.11
      esbuild-darwin-arm64: 0.15.11
      esbuild-freebsd-64: 0.15.11
      esbuild-freebsd-arm64: 0.15.11
      esbuild-linux-32: 0.15.11
      esbuild-linux-64: 0.15.11
      esbuild-linux-arm: 0.15.11
      esbuild-linux-arm64: 0.15.11
      esbuild-linux-mips64le: 0.15.11
      esbuild-linux-ppc64le: 0.15.11
      esbuild-linux-riscv64: 0.15.11
      esbuild-linux-s390x: 0.15.11
      esbuild-netbsd-64: 0.15.11
      esbuild-openbsd-64: 0.15.11
      esbuild-sunos-64: 0.15.11
      esbuild-windows-32: 0.15.11
      esbuild-windows-64: 0.15.11
      esbuild-windows-arm64: 0.15.11
    dev: true

  /fsevents/2.3.2:
    resolution: {integrity: sha512-xiqMQR4xAeHTuB9uWm+fFRcIOgKBMiOBP+eXiyT7jsgVCq1bkVygt00oASowB7EdtpOHaaPgKt812P9ab+DDKA==}
    engines: {node: ^8.16.0 || ^10.6.0 || >=11.0.0}
    os: [darwin]
    requiresBuild: true
    dev: true
    optional: true

  /function-bind/1.1.1:
    resolution: {integrity: sha512-yIovAzMX49sF8Yl58fSCWJ5svSLuaibPxXQJFLmBObTuCr0Mf1KiPopGM9NiFjiYBCbfaa2Fh6breQ6ANVTI0A==}
    dev: true

  /fuse.js/6.6.2:
    resolution: {integrity: sha512-cJaJkxCCxC8qIIcPBF9yGxY0W/tVZS3uEISDxhYIdtk8OL93pe+6Zj7LjCqVV4dzbqcriOZ+kQ/NE4RXZHsIGA==}
    engines: {node: '>=10'}
    dev: false

  /has/1.0.3:
    resolution: {integrity: sha512-f2dvO0VU6Oej7RkWJGrehjbzMAjFp5/VKPp5tTpWIV4JHHZK1/BxbFRtf/siA2SWTe09caDmVtYYzWEIbBS4zw==}
    engines: {node: '>= 0.4.0'}
    dependencies:
      function-bind: 1.1.1
    dev: true

  /is-core-module/2.10.0:
    resolution: {integrity: sha512-Erxj2n/LDAZ7H8WNJXd9tw38GYM3dv8rk8Zcs+jJuxYTW7sozH+SS8NtrSjVL1/vpLvWi1hxy96IzjJ3EHTJJg==}
    dependencies:
      has: 1.0.3
    dev: true

  /lit-element/3.2.2:
    resolution: {integrity: sha512-6ZgxBR9KNroqKb6+htkyBwD90XGRiqKDHVrW/Eh0EZ+l+iC+u+v+w3/BA5NGi4nizAVHGYvQBHUDuSmLjPp7NQ==}
    dependencies:
      '@lit/reactive-element': 1.4.1
      lit-html: 2.4.0
    dev: false

  /lit-html/2.4.0:
    resolution: {integrity: sha512-G6qXu4JNUpY6aaF2VMfaszhO9hlWw0hOTRFDmuMheg/nDYGB+2RztUSOyrzALAbr8Nh0Y7qjhYkReh3rPnplVg==}
    dependencies:
      '@types/trusted-types': 2.0.2
    dev: false

  /lit/2.4.0:
    resolution: {integrity: sha512-fdgzxEtLrZFQU/BqTtxFQCLwlZd9bdat+ltzSFjvWkZrs7eBmeX0L5MHUMb3kYIkuS8Xlfnii/iI5klirF8/Xg==}
    dependencies:
      '@lit/reactive-element': 1.4.1
      lit-element: 3.2.2
      lit-html: 2.4.0
    dev: false

  /nanoid/3.3.4:
    resolution: {integrity: sha512-MqBkQh/OHTS2egovRtLk45wEyNXwF+cokD+1YPf9u5VfJiRdAiRwB2froX5Co9Rh20xs4siNPm8naNotSD6RBw==}
    engines: {node: ^10 || ^12 || ^13.7 || ^14 || >=15.0.1}
    hasBin: true
    dev: true

  /path-parse/1.0.7:
    resolution: {integrity: sha512-LDJzPVEEEPR+y48z93A0Ed0yXb8pAByGWo/k5YYdYgpY2/2EsOsksJrq7lOHxryrVOn1ejG6oAp8ahvOIQD8sw==}
    dev: true

  /picocolors/1.0.0:
    resolution: {integrity: sha512-1fygroTLlHu66zi26VoTDv8yRgm0Fccecssto+MhsZ0D/DGW2sm8E8AjW7NU5VVTRt5GxbeZ5qBuJr+HyLYkjQ==}
    dev: true

  /playground-elements/0.16.3:
    resolution: {integrity: sha512-ZFNW3zjU72HUAzXt6cX4Uh8oUmNs/NDoX31+wpP/WcU5lGyQVoC+/C7MHXXB47o9Csgi+Y8VpOhPVvh29xwRHQ==}
    dependencies:
      '@material/mwc-button': 0.26.1
      '@material/mwc-icon-button': 0.26.1
      '@material/mwc-linear-progress': 0.26.1
      '@material/mwc-list': 0.26.1
      '@material/mwc-menu': 0.26.1
      '@material/mwc-textfield': 0.26.1
      '@types/codemirror': 5.60.5
      comlink: 4.3.1
      fuse.js: 6.6.2
      lit: 2.4.0
      tslib: 2.4.0
      vscode-languageserver: 7.0.0
    dev: false

  /postcss/8.4.18:
    resolution: {integrity: sha512-Wi8mWhncLJm11GATDaQKobXSNEYGUHeQLiQqDFG1qQ5UTDPTEvKw0Xt5NsTpktGTwLps3ByrWsBrG0rB8YQ9oA==}
    engines: {node: ^10 || ^12 || >=14}
    dependencies:
      nanoid: 3.3.4
      picocolors: 1.0.0
      source-map-js: 1.0.2
    dev: true

  /resolve/1.22.1:
    resolution: {integrity: sha512-nBpuuYuY5jFsli/JIs1oldw6fOQCBioohqWZg/2hiaOybXOft4lonv85uDOKXdf8rhyK159cxU5cDcK/NKk8zw==}
    hasBin: true
    dependencies:
      is-core-module: 2.10.0
      path-parse: 1.0.7
      supports-preserve-symlinks-flag: 1.0.0
    dev: true

  /rollup/2.78.1:
    resolution: {integrity: sha512-VeeCgtGi4P+o9hIg+xz4qQpRl6R401LWEXBmxYKOV4zlF82lyhgh2hTZnheFUbANE8l2A41F458iwj2vEYaXJg==}
    engines: {node: '>=10.0.0'}
    hasBin: true
    optionalDependencies:
      fsevents: 2.3.2
    dev: true

  /source-map-js/1.0.2:
    resolution: {integrity: sha512-R0XvVJ9WusLiqTCEiGCmICCMplcCkIwwR11mOSD9CR5u+IXYdiseeEuXCVAjS54zqwkLcPNnmU4OeJ6tUrWhDw==}
    engines: {node: '>=0.10.0'}
    dev: true

  /supports-preserve-symlinks-flag/1.0.0:
    resolution: {integrity: sha512-ot0WnXS9fgdkgIcePe6RHNk1WA8+muPa6cSjeR3V8K27q9BB1rTE3R1p7Hv0z1ZyAc8s6Vvv8DIyWf681MAt0w==}
    engines: {node: '>= 0.4'}
    dev: true

  /tslib/2.4.0:
    resolution: {integrity: sha512-d6xOpEDfsi2CZVlPQzGeux8XMwLT9hssAsaPYExaQMuYskwb+x1x7J371tWlbBdWHroy99KnVB6qIkUbs5X3UQ==}
    dev: false

  /typescript/4.8.4:
    resolution: {integrity: sha512-QCh+85mCy+h0IGff8r5XWzOVSbBO+KfeYrMQh7NJ58QujwcE22u+NUSmUxqF+un70P9GXKxa2HCNiTTMJknyjQ==}
    engines: {node: '>=4.2.0'}
    hasBin: true
    dev: true

  /vite/3.1.8:
    resolution: {integrity: sha512-m7jJe3nufUbuOfotkntGFupinL/fmuTNuQmiVE7cH2IZMuf4UbfbGYMUT3jVWgGYuRVLY9j8NnrRqgw5rr5QTg==}
    engines: {node: ^14.18.0 || >=16.0.0}
    hasBin: true
    peerDependencies:
      less: '*'
      sass: '*'
      stylus: '*'
      terser: ^5.4.0
    peerDependenciesMeta:
      less:
        optional: true
      sass:
        optional: true
      stylus:
        optional: true
      terser:
        optional: true
    dependencies:
      esbuild: 0.15.11
      postcss: 8.4.18
      resolve: 1.22.1
      rollup: 2.78.1
    optionalDependencies:
      fsevents: 2.3.2
    dev: true

  /vscode-jsonrpc/6.0.0:
    resolution: {integrity: sha512-wnJA4BnEjOSyFMvjZdpiOwhSq9uDoK8e/kpRJDTaMYzwlkrhG1fwDIZI94CLsLzlCK5cIbMMtFlJlfR57Lavmg==}
    engines: {node: '>=8.0.0 || >=10.0.0'}
    dev: false

  /vscode-languageserver-protocol/3.16.0:
    resolution: {integrity: sha512-sdeUoAawceQdgIfTI+sdcwkiK2KU+2cbEYA0agzM2uqaUy2UpnnGHtWTHVEtS0ES4zHU0eMFRGN+oQgDxlD66A==}
    dependencies:
      vscode-jsonrpc: 6.0.0
      vscode-languageserver-types: 3.16.0
    dev: false

  /vscode-languageserver-types/3.16.0:
    resolution: {integrity: sha512-k8luDIWJWyenLc5ToFQQMaSrqCHiLwyKPHKPQZ5zz21vM+vIVUSvsRpcbiECH4WR88K2XZqc4ScRcZ7nk/jbeA==}
    dev: false

  /vscode-languageserver/7.0.0:
    resolution: {integrity: sha512-60HTx5ID+fLRcgdHfmz0LDZAXYEV68fzwG0JWwEPBode9NuMYTIxuYXPg4ngO8i8+Ou0lM7y6GzaYWbiDL0drw==}
    hasBin: true
    dependencies:
      vscode-languageserver-protocol: 3.16.0
    dev: false
